// !$*UTF8*$!
{
	archiveVersion = 1;
	classes = {
	};
	objectVersion = 77;
	objects = {

/* Begin PBXContainerItemProxy section */
		31139DFC2E75312E0080865E /* PBXContainerItemProxy */ = {
			isa = PBXContainerItemProxy;
			containerPortal = 31139DE12E75312A0080865E /* Project object */;
			proxyType = 1;
			remoteGlobalIDString = 31139DE82E75312A0080865E;
			remoteInfo = SimpleNoteSwift;
		};
		31139E062E75312E0080865E /* PBXContainerItemProxy */ = {
			isa = PBXContainerItemProxy;
			containerPortal = 31139DE12E75312A0080865E /* Project object */;
			proxyType = 1;
			remoteGlobalIDString = 31139DE82E75312A0080865E;
			remoteInfo = SimpleNoteSwift;
		};
/* End PBXContainerItemProxy section */

/* Begin PBXFileReference section */
		31139DE92E75312A0080865E /* SimpleNoteSwift.app */ = {isa = PBXFileReference; explicitFileType = wrapper.application; includeInIndex = 0; path = SimpleNoteSwift.app; sourceTree = BUILT_PRODUCTS_DIR; };
		31139DFB2E75312E0080865E /* SimpleNoteSwiftTests.xctest */ = {isa = PBXFileReference; explicitFileType = wrapper.cfbundle; includeInIndex = 0; path = SimpleNoteSwiftTests.xctest; sourceTree = BUILT_PRODUCTS_DIR; };
		31139E052E75312E0080865E /* SimpleNoteSwiftUITests.xctest */ = {isa = PBXFileReference; explicitFileType = wrapper.cfbundle; includeInIndex = 0; path = SimpleNoteSwiftUITests.xctest; sourceTree = BUILT_PRODUCTS_DIR; };
/* End PBXFileReference section */

/* Begin PBXFileSystemSynchronizedRootGroup section */
		31139DEB2E75312A0080865E /* SimpleNoteSwift */ = {
			isa = PBXFileSystemSynchronizedRootGroup;
			path = SimpleNoteSwift;
			sourceTree = "<group>";
		};
		31139DFE2E75312E0080865E /* SimpleNoteSwiftTests */ = {
			isa = PBXFileSystemSynchronizedRootGroup;
			path = SimpleNoteSwiftTests;
			sourceTree = "<group>";
		};
		31139E082E75312E0080865E /* SimpleNoteSwiftUITests */ = {
			isa = PBXFileSystemSynchronizedRootGroup;
			path = SimpleNoteSwiftUITests;
			sourceTree = "<group>";
		};
/* End PBXFileSystemSynchronizedRootGroup section */

/* Begin PBXFrameworksBuildPhase section */
		31139DE62E75312A0080865E /* Frameworks */ = {
			isa = PBXFrameworksBuildPhase;
			buildActionMask = 2147483647;
			files = (
			);
			runOnlyForDeploymentPostprocessing = 0;
		};
		31139DF82E75312E0080865E /* Frameworks */ = {
			isa = PBXFrameworksBuildPhase;
			buildActionMask = 2147483647;
			files = (
			);
			runOnlyForDeploymentPostprocessing = 0;
		};
		31139E022E75312E0080865E /* Frameworks */ = {
			isa = PBXFrameworksBuildPhase;
			buildActionMask = 2147483647;
			files = (
			);
			runOnlyForDeploymentPostprocessing = 0;
		};
/* End PBXFrameworksBuildPhase section */

/* Begin PBXGroup section */
		31139DE02E75312A0080865E = {
			isa = PBXGroup;
			children = (
				31139DEB2E75312A0080865E /* SimpleNoteSwift */,
				31139DFE2E75312E0080865E /* SimpleNoteSwiftTests */,
				31139E082E75312E0080865E /* SimpleNoteSwiftUITests */,
				31139DEA2E75312A0080865E /* Products */,
			);
			sourceTree = "<group>";
		};
		31139DEA2E75312A0080865E /* Products */ = {
			isa = PBXGroup;
			children = (
				31139DE92E75312A0080865E /* SimpleNoteSwift.app */,
				31139DFB2E75312E0080865E /* SimpleNoteSwiftTests.xctest */,
				31139E052E75312E0080865E /* SimpleNoteSwiftUITests.xctest */,
			);
			name = Products;
			sourceTree = "<group>";
		};
/* End PBXGroup section */

/* Begin PBXNativeTarget section */
		31139DE82E75312A0080865E /* SimpleNoteSwift */ = {
			isa = PBXNativeTarget;
			buildConfigurationList = 31139E0F2E75312E0080865E /* Build configuration list for PBXNativeTarget "SimpleNoteSwift" */;
			buildPhases = (
				31139DE52E75312A0080865E /* Sources */,
				31139DE62E75312A0080865E /* Frameworks */,
				31139DE72E75312A0080865E /* Resources */,
			);
			buildRules = (
			);
			dependencies = (
			);
			fileSystemSynchronizedGroups = (
				31139DEB2E75312A0080865E /* SimpleNoteSwift */,
			);
			name = SimpleNoteSwift;
			packageProductDependencies = (
			);
			productName = SimpleNoteSwift;
			productReference = 31139DE92E75312A0080865E /* SimpleNoteSwift.app */;
			productType = "com.apple.product-type.application";
		};
		31139DFA2E75312E0080865E /* SimpleNoteSwiftTests */ = {
			isa = PBXNativeTarget;
			buildConfigurationList = 31139E122E75312E0080865E /* Build configuration list for PBXNativeTarget "SimpleNoteSwiftTests" */;
			buildPhases = (
				31139DF72E75312E0080865E /* Sources */,
				31139DF82E75312E0080865E /* Frameworks */,
				31139DF92E75312E0080865E /* Resources */,
			);
			buildRules = (
			);
			dependencies = (
				31139DFD2E75312E0080865E /* PBXTargetDependency */,
			);
			fileSystemSynchronizedGroups = (
				31139DFE2E75312E0080865E /* SimpleNoteSwiftTests */,
			);
			name = SimpleNoteSwiftTests;
			packageProductDependencies = (
			);
			productName = SimpleNoteSwiftTests;
			productReference = 31139DFB2E75312E0080865E /* SimpleNoteSwiftTests.xctest */;
			productType = "com.apple.product-type.bundle.unit-test";
		};
		31139E042E75312E0080865E /* SimpleNoteSwiftUITests */ = {
			isa = PBXNativeTarget;
			buildConfigurationList = 31139E152E75312E0080865E /* Build configuration list for PBXNativeTarget "SimpleNoteSwiftUITests" */;
			buildPhases = (
				31139E012E75312E0080865E /* Sources */,
				31139E022E75312E0080865E /* Frameworks */,
				31139E032E75312E0080865E /* Resources */,
			);
			buildRules = (
			);
			dependencies = (
				31139E072E75312E0080865E /* PBXTargetDependency */,
			);
			fileSystemSynchronizedGroups = (
				31139E082E75312E0080865E /* SimpleNoteSwiftUITests */,
			);
			name = SimpleNoteSwiftUITests;
			packageProductDependencies = (
			);
			productName = SimpleNoteSwiftUITests;
			productReference = 31139E052E75312E0080865E /* SimpleNoteSwiftUITests.xctest */;
			productType = "com.apple.product-type.bundle.ui-testing";
		};
/* End PBXNativeTarget section */

/* Begin PBXProject section */
		31139DE12E75312A0080865E /* Project object */ = {
			isa = PBXProject;
			attributes = {
				BuildIndependentTargetsInParallel = 1;
				LastSwiftUpdateCheck = 1640;
				LastUpgradeCheck = 1640;
				TargetAttributes = {
					31139DE82E75312A0080865E = {
						CreatedOnToolsVersion = 16.4;
					};
					31139DFA2E75312E0080865E = {
						CreatedOnToolsVersion = 16.4;
						TestTargetID = 31139DE82E75312A0080865E;
					};
					31139E042E75312E0080865E = {
						CreatedOnToolsVersion = 16.4;
						TestTargetID = 31139DE82E75312A0080865E;
					};
				};
			};
			buildConfigurationList = 31139DE42E75312A0080865E /* Build configuration list for PBXProject "SimpleNoteSwift" */;
			developmentRegion = en;
			hasScannedForEncodings = 0;
			knownRegions = (
				en,
				Base,
			);
			mainGroup = 31139DE02E75312A0080865E;
			minimizedProjectReferenceProxies = 1;
			preferredProjectObjectVersion = 77;
			productRefGroup = 31139DEA2E75312A0080865E /* Products */;
			projectDirPath = "";
			projectRoot = "";
			targets = (
				31139DE82E75312A0080865E /* SimpleNoteSwift */,
				31139DFA2E75312E0080865E /* SimpleNoteSwiftTests */,
				31139E042E75312E0080865E /* SimpleNoteSwiftUITests */,
			);
		};
/* End PBXProject section */

/* Begin PBXResourcesBuildPhase section */
		31139DE72E75312A0080865E /* Resources */ = {
			isa = PBXResourcesBuildPhase;
			buildActionMask = 2147483647;
			files = (
			);
			runOnlyForDeploymentPostprocessing = 0;
		};
		31139DF92E75312E0080865E /* Resources */ = {
			isa = PBXResourcesBuildPhase;
			buildActionMask = 2147483647;
			files = (
			);
			runOnlyForDeploymentPostprocessing = 0;
		};
		31139E032E75312E0080865E /* Resources */ = {
			isa = PBXResourcesBuildPhase;
			buildActionMask = 2147483647;
			files = (
			);
			runOnlyForDeploymentPostprocessing = 0;
		};
/* End PBXResourcesBuildPhase section */

/* Begin PBXSourcesBuildPhase section */
		31139DE52E75312A0080865E /* Sources */ = {
			isa = PBXSourcesBuildPhase;
			buildActionMask = 2147483647;
			files = (
			);
			runOnlyForDeploymentPostprocessing = 0;
		};
		31139DF72E75312E0080865E /* Sources */ = {
			isa = PBXSourcesBuildPhase;
			buildActionMask = 2147483647;
			files = (
			);
			runOnlyForDeploymentPostprocessing = 0;
		};
		31139E012E75312E0080865E /* Sources */ = {
			isa = PBXSourcesBuildPhase;
			buildActionMask = 2147483647;
			files = (
			);
			runOnlyForDeploymentPostprocessing = 0;
		};
/* End PBXSourcesBuildPhase section */

/* Begin PBXTargetDependency section */
		31139DFD2E75312E0080865E /* PBXTargetDependency */ = {
			isa = PBXTargetDependency;
			target = 31139DE82E75312A0080865E /* SimpleNoteSwift */;
			targetProxy = 31139DFC2E75312E0080865E /* PBXContainerItemProxy */;
		};
		31139E072E75312E0080865E /* PBXTargetDependency */ = {
			isa = PBXTargetDependency;
			target = 31139DE82E75312A0080865E /* SimpleNoteSwift */;
			targetProxy = 31139E062E75312E0080865E /* PBXContainerItemProxy */;
		};
/* End PBXTargetDependency section */

/* Begin XCBuildConfiguration section */
		31139E0D2E75312E0080865E /* Debug */ = {
			isa = XCBuildConfiguration;
			buildSettings = {
				ALWAYS_SEARCH_USER_PATHS = NO;
				ASSETCATALOG_COMPILER_GENERATE_SWIFT_ASSET_SYMBOL_EXTENSIONS = YES;
				CLANG_ANALYZER_NONNULL = YES;
				CLANG_ANALYZER_NUMBER_OBJECT_CONVERSION = YES_AGGRESSIVE;
				CLANG_CXX_LANGUAGE_STANDARD = "gnu++20";
				CLANG_ENABLE_MODULES = YES;
				CLANG_ENABLE_OBJC_ARC = YES;
				CLANG_ENABLE_OBJC_WEAK = YES;
				CLANG_WARN_BLOCK_CAPTURE_AUTORELEASING = YES;
				CLANG_WARN_BOOL_CONVERSION = YES;
				CLANG_WARN_COMMA = YES;
				CLANG_WARN_CONSTANT_CONVERSION = YES;
				CLANG_WARN_DEPRECATED_OBJC_IMPLEMENTATIONS = YES;
				CLANG_WARN_DIRECT_OBJC_ISA_USAGE = YES_ERROR;
				CLANG_WARN_DOCUMENTATION_COMMENTS = YES;
				CLANG_WARN_EMPTY_BODY = YES;
				CLANG_WARN_ENUM_CONVERSION = YES;
				CLANG_WARN_INFINITE_RECURSION = YES;
				CLANG_WARN_INT_CONVERSION = YES;
				CLANG_WARN_NON_LITERAL_NULL_CONVERSION = YES;
				CLANG_WARN_OBJC_IMPLICIT_RETAIN_SELF = YES;
				CLANG_WARN_OBJC_LITERAL_CONVERSION = YES;
				CLANG_WARN_OBJC_ROOT_CLASS = YES_ERROR;
				CLANG_WARN_QUOTED_INCLUDE_IN_FRAMEWORK_HEADER = YES;
				CLANG_WARN_RANGE_LOOP_ANALYSIS = YES;
				CLANG_WARN_STRICT_PROTOTYPES = YES;
				CLANG_WARN_SUSPICIOUS_MOVE = YES;
				CLANG_WARN_UNGUARDED_AVAILABILITY = YES_AGGRESSIVE;
				CLANG_WARN_UNREACHABLE_CODE = YES;
				CLANG_WARN__DUPLICATE_METHOD_MATCH = YES;
				COPY_PHASE_STRIP = NO;
				DEBUG_INFORMATION_FORMAT = dwarf;
				ENABLE_STRICT_OBJC_MSGSEND = YES;
				ENABLE_TESTABILITY = YES;
				ENABLE_USER_SCRIPT_SANDBOXING = YES;
				GCC_C_LANGUAGE_STANDARD = gnu17;
				GCC_DYNAMIC_NO_PIC = NO;
				GCC_NO_COMMON_BLOCKS = YES;
				GCC_OPTIMIZATION_LEVEL = 0;
				GCC_PREPROCESSOR_DEFINITIONS = (
					"DEBUG=1",
					"$(inherited)",
				);
				GCC_WARN_64_TO_32_BIT_CONVERSION = YES;
				GCC_WARN_ABOUT_RETURN_TYPE = YES_ERROR;
				GCC_WARN_UNDECLARED_SELECTOR = YES;
				GCC_WARN_UNINITIALIZED_AUTOS = YES_AGGRESSIVE;
				GCC_WARN_UNUSED_FUNCTION = YES;
				GCC_WARN_UNUSED_VARIABLE = YES;
				IPHONEOS_DEPLOYMENT_TARGET = 18.5;
				LOCALIZATION_PREFERS_STRING_CATALOGS = YES;
				MTL_ENABLE_DEBUG_INFO = INCLUDE_SOURCE;
				MTL_FAST_MATH = YES;
				ONLY_ACTIVE_ARCH = YES;
				SDKROOT = iphoneos;
				SWIFT_ACTIVE_COMPILATION_CONDITIONS = "DEBUG $(inherited)";
				SWIFT_OPTIMIZATION_LEVEL = "-Onone";
			};
			name = Debug;
		};
		31139E0E2E75312E0080865E /* Release */ = {
			isa = XCBuildConfiguration;
			buildSettings = {
				ALWAYS_SEARCH_USER_PATHS = NO;
				ASSETCATALOG_COMPILER_GENERATE_SWIFT_ASSET_SYMBOL_EXTENSIONS = YES;
				CLANG_ANALYZER_NONNULL = YES;
				CLANG_ANALYZER_NUMBER_OBJECT_CONVERSION = YES_AGGRESSIVE;
				CLANG_CXX_LANGUAGE_STANDARD = "gnu++20";
				CLANG_ENABLE_MODULES = YES;
				CLANG_ENABLE_OBJC_ARC = YES;
				CLANG_ENABLE_OBJC_WEAK = YES;
				CLANG_WARN_BLOCK_CAPTURE_AUTORELEASING = YES;
				CLANG_WARN_BOOL_CONVERSION = YES;
				CLANG_WARN_COMMA = YES;
				CLANG_WARN_CONSTANT_CONVERSION = YES;
				CLANG_WARN_DEPRECATED_OBJC_IMPLEMENTATIONS = YES;
				CLANG_WARN_DIRECT_OBJC_ISA_USAGE = YES_ERROR;
				CLANG_WARN_DOCUMENTATION_COMMENTS = YES;
				CLANG_WARN_EMPTY_BODY = YES;
				CLANG_WARN_ENUM_CONVERSION = YES;
				CLANG_WARN_INFINITE_RECURSION = YES;
				CLANG_WARN_INT_CONVERSION = YES;
				CLANG_WARN_NON_LITERAL_NULL_CONVERSION = YES;
				CLANG_WARN_OBJC_IMPLICIT_RETAIN_SELF = YES;
				CLANG_WARN_OBJC_LITERAL_CONVERSION = YES;
				CLANG_WARN_OBJC_ROOT_CLASS = YES_ERROR;
				CLANG_WARN_QUOTED_INCLUDE_IN_FRAMEWORK_HEADER = YES;
				CLANG_WARN_RANGE_LOOP_ANALYSIS = YES;
				CLANG_WARN_STRICT_PROTOTYPES = YES;
				CLANG_WARN_SUSPICIOUS_MOVE = YES;
				CLANG_WARN_UNGUARDED_AVAILABILITY = YES_AGGRESSIVE;
				CLANG_WARN_UNREACHABLE_CODE = YES;
				CLANG_WARN__DUPLICATE_METHOD_MATCH = YES;
				COPY_PHASE_STRIP = NO;
				DEBUG_INFORMATION_FORMAT = "dwarf-with-dsym";
				ENABLE_NS_ASSERTIONS = NO;
				ENABLE_STRICT_OBJC_MSGSEND = YES;
				ENABLE_USER_SCRIPT_SANDBOXING = YES;
				GCC_C_LANGUAGE_STANDARD = gnu17;
				GCC_NO_COMMON_BLOCKS = YES;
				GCC_WARN_64_TO_32_BIT_CONVERSION = YES;
				GCC_WARN_ABOUT_RETURN_TYPE = YES_ERROR;
				GCC_WARN_UNDECLARED_SELECTOR = YES;
				GCC_WARN_UNINITIALIZED_AUTOS = YES_AGGRESSIVE;
				GCC_WARN_UNUSED_FUNCTION = YES;
				GCC_WARN_UNUSED_VARIABLE = YES;
				IPHONEOS_DEPLOYMENT_TARGET = 18.5;
				LOCALIZATION_PREFERS_STRING_CATALOGS = YES;
				MTL_ENABLE_DEBUG_INFO = NO;
				MTL_FAST_MATH = YES;
				SDKROOT = iphoneos;
				SWIFT_COMPILATION_MODE = wholemodule;
				VALIDATE_PRODUCT = YES;
			};
			name = Release;
		};
		31139E102E75312E0080865E /* Debug */ = {
			isa = XCBuildConfiguration;
			buildSettings = {
				ASSETCATALOG_COMPILER_APPICON_NAME = AppIcon;
				ASSETCATALOG_COMPILER_GLOBAL_ACCENT_COLOR_NAME = AccentColor;
				CODE_SIGN_STYLE = Automatic;
				CURRENT_PROJECT_VERSION = 1;
				ENABLE_PREVIEWS = YES;
				GENERATE_INFOPLIST_FILE = YES;
				INFOPLIST_KEY_UIApplicationSceneManifest_Generation = YES;
				INFOPLIST_KEY_UIApplicationSupportsIndirectInputEvents = YES;
				INFOPLIST_KEY_UILaunchScreen_Generation = YES;
				INFOPLIST_KEY_UISupportedInterfaceOrientations_iPad = "UIInterfaceOrientationPortrait UIInterfaceOrientationPortraitUpsideDown UIInterfaceOrientationLandscapeLeft UIInterfaceOrientationLandscapeRight";
				INFOPLIST_KEY_UISupportedInterfaceOrientations_iPhone = "UIInterfaceOrientationPortrait UIInterfaceOrientationLandscapeLeft UIInterfaceOrientationLandscapeRight";
				LD_RUNPATH_SEARCH_PATHS = (
					"$(inherited)",
					"@executable_path/Frameworks",
				);
				MARKETING_VERSION = 1.0;
				PRODUCT_BUNDLE_IDENTIFIER = mehbakh82.SimpleNoteSwift;
				PRODUCT_NAME = "$(TARGET_NAME)";
				SWIFT_EMIT_LOC_STRINGS = YES;
				SWIFT_VERSION = 5.0;
				TARGETED_DEVICE_FAMILY = "1,2";
			};
			name = Debug;
		};
		31139E112E75312E0080865E /* Release */ = {
			isa = XCBuildConfiguration;
			buildSettings = {
				ASSETCATALOG_COMPILER_APPICON_NAME = AppIcon;
				ASSETCATALOG_COMPILER_GLOBAL_ACCENT_COLOR_NAME = AccentColor;
				CODE_SIGN_STYLE = Automatic;
				CURRENT_PROJECT_VERSION = 1;
				ENABLE_PREVIEWS = YES;
				GENERATE_INFOPLIST_FILE = YES;
				INFOPLIST_KEY_UIApplicationSceneManifest_Generation = YES;
				INFOPLIST_KEY_UIApplicationSupportsIndirectInputEvents = YES;
				INFOPLIST_KEY_UILaunchScreen_Generation = YES;
				INFOPLIST_KEY_UISupportedInterfaceOrientations_iPad = "UIInterfaceOrientationPortrait UIInterfaceOrientationPortraitUpsideDown UIInterfaceOrientationLandscapeLeft UIInterfaceOrientationLandscapeRight";
				INFOPLIST_KEY_UISupportedInterfaceOrientations_iPhone = "UIInterfaceOrientationPortrait UIInterfaceOrientationLandscapeLeft UIInterfaceOrientationLandscapeRight";
				LD_RUNPATH_SEARCH_PATHS = (
					"$(inherited)",
					"@executable_path/Frameworks",
				);
				MARKETING_VERSION = 1.0;
				PRODUCT_BUNDLE_IDENTIFIER = mehbakh82.SimpleNoteSwift;
				PRODUCT_NAME = "$(TARGET_NAME)";
				SWIFT_EMIT_LOC_STRINGS = YES;
				SWIFT_VERSION = 5.0;
				TARGETED_DEVICE_FAMILY = "1,2";
			};
			name = Release;
		};
		31139E132E75312E0080865E /* Debug */ = {
			isa = XCBuildConfiguration;
			buildSettings = {
				BUNDLE_LOADER = "$(TEST_HOST)";
				CODE_SIGN_STYLE = Automatic;
				CURRENT_PROJECT_VERSION = 1;
				GENERATE_INFOPLIST_FILE = YES;
				IPHONEOS_DEPLOYMENT_TARGET = 18.5;
				MARKETING_VERSION = 1.0;
				PRODUCT_BUNDLE_IDENTIFIER = mehbakh82.SimpleNoteSwiftTests;
				PRODUCT_NAME = "$(TARGET_NAME)";
				SWIFT_EMIT_LOC_STRINGS = NO;
				SWIFT_VERSION = 5.0;
				TARGETED_DEVICE_FAMILY = "1,2";
				TEST_HOST = "$(BUILT_PRODUCTS_DIR)/SimpleNoteSwift.app/$(BUNDLE_EXECUTABLE_FOLDER_PATH)/SimpleNoteSwift";
			};
			name = Debug;
		};
		31139E142E75312E0080865E /* Release */ = {
			isa = XCBuildConfiguration;
			buildSettings = {
				BUNDLE_LOADER = "$(TEST_HOST)";
				CODE_SIGN_STYLE = Automatic;
				CURRENT_PROJECT_VERSION = 1;
				GENERATE_INFOPLIST_FILE = YES;
				IPHONEOS_DEPLOYMENT_TARGET = 18.5;
				MARKETING_VERSION = 1.0;
				PRODUCT_BUNDLE_IDENTIFIER = mehbakh82.SimpleNoteSwiftTests;
				PRODUCT_NAME = "$(TARGET_NAME)";
				SWIFT_EMIT_LOC_STRINGS = NO;
				SWIFT_VERSION = 5.0;
				TARGETED_DEVICE_FAMILY = "1,2";
				TEST_HOST = "$(BUILT_PRODUCTS_DIR)/SimpleNoteSwift.app/$(BUNDLE_EXECUTABLE_FOLDER_PATH)/SimpleNoteSwift";
			};
			name = Release;
		};
		31139E162E75312E0080865E /* Debug */ = {
			isa = XCBuildConfiguration;
			buildSettings = {
				CODE_SIGN_STYLE = Automatic;
				CURRENT_PROJECT_VERSION = 1;
				GENERATE_INFOPLIST_FILE = YES;
				MARKETING_VERSION = 1.0;
				PRODUCT_BUNDLE_IDENTIFIER = mehbakh82.SimpleNoteSwiftUITests;
				PRODUCT_NAME = "$(TARGET_NAME)";
				SWIFT_EMIT_LOC_STRINGS = NO;
				SWIFT_VERSION = 5.0;
				TARGETED_DEVICE_FAMILY = "1,2";
				TEST_TARGET_NAME = SimpleNoteSwift;
			};
			name = Debug;
		};
		31139E172E75312E0080865E /* Release */ = {
			isa = XCBuildConfiguration;
			buildSettings = {
				CODE_SIGN_STYLE = Automatic;
				CURRENT_PROJECT_VERSION = 1;
				GENERATE_INFOPLIST_FILE = YES;
				MARKETING_VERSION = 1.0;
				PRODUCT_BUNDLE_IDENTIFIER = mehbakh82.SimpleNoteSwiftUITests;
				PRODUCT_NAME = "$(TARGET_NAME)";
				SWIFT_EMIT_LOC_STRINGS = NO;
				SWIFT_VERSION = 5.0;
				TARGETED_DEVICE_FAMILY = "1,2";
				TEST_TARGET_NAME = SimpleNoteSwift;
			};
			name = Release;
		};
/* End XCBuildConfiguration section */

/* Begin XCConfigurationList section */
		31139DE42E75312A0080865E /* Build configuration list for PBXProject "SimpleNoteSwift" */ = {
			isa = XCConfigurationList;
			buildConfigurations = (
				31139E0D2E75312E0080865E /* Debug */,
				31139E0E2E75312E0080865E /* Release */,
			);
			defaultConfigurationIsVisible = 0;
			defaultConfigurationName = Release;
		};
		31139E0F2E75312E0080865E /* Build configuration list for PBXNativeTarget "SimpleNoteSwift" */ = {
			isa = XCConfigurationList;
			buildConfigurations = (
				31139E102E75312E0080865E /* Debug */,
				31139E112E75312E0080865E /* Release */,
			);
			defaultConfigurationIsVisible = 0;
			defaultConfigurationName = Release;
		};
		31139E122E75312E0080865E /* Build configuration list for PBXNativeTarget "SimpleNoteSwiftTests" */ = {
			isa = XCConfigurationList;
			buildConfigurations = (
				31139E132E75312E0080865E /* Debug */,
				31139E142E75312E0080865E /* Release */,
			);
			defaultConfigurationIsVisible = 0;
			defaultConfigurationName = Release;
		};
		31139E152E75312E0080865E /* Build configuration list for PBXNativeTarget "SimpleNoteSwiftUITests" */ = {
			isa = XCConfigurationList;
			buildConfigurations = (
				31139E162E75312E0080865E /* Debug */,
				31139E172E75312E0080865E /* Release */,
			);
			defaultConfigurationIsVisible = 0;
			defaultConfigurationName = Release;
		};
/* End XCConfigurationList section */
	};
	rootObject = 31139DE12E75312A0080865E /* Project object */;
}
